// !$*UTF8*$!
{
	archiveVersion = 1;
	classes = {
	};
	objectVersion = 60;
	objects = {

/* Begin PBXBuildFile section */
		D00000000000000000000001 /* InkNotesApp.swift in Sources */ = {isa = PBXBuildFile; fileRef = C00000000000000000000001 /* InkNotesApp.swift */; };
		D00000000000000000000002 /* LibraryDocument.swift in Sources */ = {isa = PBXBuildFile; fileRef = C00000000000000000000002 /* LibraryDocument.swift */; };
		D00000000000000000000003 /* DrawingRepository.swift in Sources */ = {isa = PBXBuildFile; fileRef = C00000000000000000000003 /* DrawingRepository.swift */; };
		D00000000000000000000004 /* LibraryStore.swift in Sources */ = {isa = PBXBuildFile; fileRef = C00000000000000000000004 /* LibraryStore.swift */; };
		D00000000000000000000005 /* LibrarySplitView.swift in Sources */ = {isa = PBXBuildFile; fileRef = C00000000000000000000005 /* LibrarySplitView.swift */; };
		D00000000000000000000006 /* PageEditorView.swift in Sources */ = {isa = PBXBuildFile; fileRef = C00000000000000000000006 /* PageEditorView.swift */; };
		D00000000000000000000007 /* PencilCanvas.swift in Sources */ = {isa = PBXBuildFile; fileRef = C00000000000000000000007 /* PencilCanvas.swift */; };
		D00000000000000000000008 /* PageBackgroundView.swift in Sources */ = {isa = PBXBuildFile; fileRef = C00000000000000000000008 /* PageBackgroundView.swift */; };
		D00000000000000000000009 /* Assets.xcassets in Resources */ = {isa = PBXBuildFile; fileRef = C00000000000000000000009 /* Assets.xcassets */; };
		D0000000000000000000000A /* BackupArchive.swift in Sources */ = {isa = PBXBuildFile; fileRef = C0000000000000000000000C /* BackupArchive.swift */; };
		D0000000000000000000000B /* BackupArchiveCodec.swift in Sources */ = {isa = PBXBuildFile; fileRef = C0000000000000000000000D /* BackupArchiveCodec.swift */; };
		D0000000000000000000000C /* BackupSnapshotRepository.swift in Sources */ = {isa = PBXBuildFile; fileRef = C0000000000000000000000E /* BackupSnapshotRepository.swift */; };
		D0000000000000000000000D /* BackupTransferView.swift in Sources */ = {isa = PBXBuildFile; fileRef = C0000000000000000000000F /* BackupTransferView.swift */; };
		D10000000000000000000001 /* BaiduNetdiskBackup.swift in Sources */ = {isa = PBXBuildFile; fileRef = C10000000000000000000001 /* BaiduNetdiskBackup.swift */; };
		D10000000000000000000002 /* BaiduHTTPTransport.swift in Sources */ = {isa = PBXBuildFile; fileRef = C10000000000000000000002 /* BaiduHTTPTransport.swift */; };
		D10000000000000000000003 /* BaiduNetdiskBackupUploader.swift in Sources */ = {isa = PBXBuildFile; fileRef = C10000000000000000000003 /* BaiduNetdiskBackupUploader.swift */; };
		D10000000000000000000004 /* BaiduBackupUploadCoordinator.swift in Sources */ = {isa = PBXBuildFile; fileRef = C10000000000000000000004 /* BaiduBackupUploadCoordinator.swift */; };
		D20000000000000000000001 /* BaiduUploadReconciliationRepository.swift in Sources */ = {isa = PBXBuildFile; fileRef = C20000000000000000000001 /* BaiduUploadReconciliationRepository.swift */; };
		D30000000000000000000001 /* DurableFileWriter.swift in Sources */ = {isa = PBXBuildFile; fileRef = C30000000000000000000001 /* DurableFileWriter.swift */; };
		D40000000000000000000001 /* BaiduNetdiskAccount.swift in Sources */ = {isa = PBXBuildFile; fileRef = C40000000000000000000001 /* BaiduNetdiskAccount.swift */; };
		D40000000000000000000002 /* BaiduNetdiskAccountResolver.swift in Sources */ = {isa = PBXBuildFile; fileRef = C40000000000000000000002 /* BaiduNetdiskAccountResolver.swift */; };
/* End PBXBuildFile section */

/* Begin PBXFileReference section */
		C00000000000000000000001 /* InkNotesApp.swift */ = {isa = PBXFileReference; lastKnownFileType = sourcecode.swift; path = InkNotesApp.swift; sourceTree = "<group>"; };
		C00000000000000000000002 /* LibraryDocument.swift */ = {isa = PBXFileReference; lastKnownFileType = sourcecode.swift; path = LibraryDocument.swift; sourceTree = "<group>"; };
		C00000000000000000000003 /* DrawingRepository.swift */ = {isa = PBXFileReference; lastKnownFileType = sourcecode.swift; path = DrawingRepository.swift; sourceTree = "<group>"; };
		C00000000000000000000004 /* LibraryStore.swift */ = {isa = PBXFileReference; lastKnownFileType = sourcecode.swift; path = LibraryStore.swift; sourceTree = "<group>"; };
		C00000000000000000000005 /* LibrarySplitView.swift */ = {isa = PBXFileReference; lastKnownFileType = sourcecode.swift; path = LibrarySplitView.swift; sourceTree = "<group>"; };
		C00000000000000000000006 /* PageEditorView.swift */ = {isa = PBXFileReference; lastKnownFileType = sourcecode.swift; path = PageEditorView.swift; sourceTree = "<group>"; };
		C00000000000000000000007 /* PencilCanvas.swift */ = {isa = PBXFileReference; lastKnownFileType = sourcecode.swift; path = PencilCanvas.swift; sourceTree = "<group>"; };
		C00000000000000000000008 /* PageBackgroundView.swift */ = {isa = PBXFileReference; lastKnownFileType = sourcecode.swift; path = PageBackgroundView.swift; sourceTree = "<group>"; };
		C00000000000000000000009 /* Assets.xcassets */ = {isa = PBXFileReference; lastKnownFileType = folder.assetcatalog; path = Assets.xcassets; sourceTree = "<group>"; };
		C0000000000000000000000A /* InkNotes.app */ = {isa = PBXFileReference; explicitFileType = wrapper.application; includeInIndex = 0; path = InkNotes.app; sourceTree = BUILT_PRODUCTS_DIR; };
		C0000000000000000000000B /* Info.plist */ = {isa = PBXFileReference; lastKnownFileType = text.plist.xml; path = Info.plist; sourceTree = "<group>"; };
		C0000000000000000000000C /* BackupArchive.swift */ = {isa = PBXFileReference; lastKnownFileType = sourcecode.swift; path = BackupArchive.swift; sourceTree = "<group>"; };
		C0000000000000000000000D /* BackupArchiveCodec.swift */ = {isa = PBXFileReference; lastKnownFileType = sourcecode.swift; path = BackupArchiveCodec.swift; sourceTree = "<group>"; };
		C0000000000000000000000E /* BackupSnapshotRepository.swift */ = {isa = PBXFileReference; lastKnownFileType = sourcecode.swift; path = BackupSnapshotRepository.swift; sourceTree = "<group>"; };
		C0000000000000000000000F /* BackupTransferView.swift */ = {isa = PBXFileReference; lastKnownFileType = sourcecode.swift; path = BackupTransferView.swift; sourceTree = "<group>"; };
		C10000000000000000000001 /* BaiduNetdiskBackup.swift */ = {isa = PBXFileReference; lastKnownFileType = sourcecode.swift; path = BaiduNetdiskBackup.swift; sourceTree = "<group>"; };
		C10000000000000000000002 /* BaiduHTTPTransport.swift */ = {isa = PBXFileReference; lastKnownFileType = sourcecode.swift; path = BaiduHTTPTransport.swift; sourceTree = "<group>"; };
		C10000000000000000000003 /* BaiduNetdiskBackupUploader.swift */ = {isa = PBXFileReference; lastKnownFileType = sourcecode.swift; path = BaiduNetdiskBackupUploader.swift; sourceTree = "<group>"; };
		C10000000000000000000004 /* BaiduBackupUploadCoordinator.swift */ = {isa = PBXFileReference; lastKnownFileType = sourcecode.swift; path = BaiduBackupUploadCoordinator.swift; sourceTree = "<group>"; };
		C20000000000000000000001 /* BaiduUploadReconciliationRepository.swift */ = {isa = PBXFileReference; lastKnownFileType = sourcecode.swift; path = BaiduUploadReconciliationRepository.swift; sourceTree = "<group>"; };
		C30000000000000000000001 /* DurableFileWriter.swift */ = {isa = PBXFileReference; lastKnownFileType = sourcecode.swift; path = DurableFileWriter.swift; sourceTree = "<group>"; };
		C40000000000000000000001 /* BaiduNetdiskAccount.swift */ = {isa = PBXFileReference; lastKnownFileType = sourcecode.swift; path = BaiduNetdiskAccount.swift; sourceTree = "<group>"; };
		C40000000000000000000002 /* BaiduNetdiskAccountResolver.swift */ = {isa = PBXFileReference; lastKnownFileType = sourcecode.swift; path = BaiduNetdiskAccountResolver.swift; sourceTree = "<group>"; };
/* End PBXFileReference section */

/* Begin PBXFrameworksBuildPhase section */
		A00000000000000000000006 /* Frameworks */ = {
			isa = PBXFrameworksBuildPhase;
			buildActionMask = 2147483647;
			files = (
			);
			runOnlyForDeploymentPostprocessing = 0;
		};
/* End PBXFrameworksBuildPhase section */

/* Begin PBXGroup section */
		B00000000000000000000001 = {
			isa = PBXGroup;
			children = (
				B00000000000000000000003 /* InkNotes */,
				B00000000000000000000002 /* Products */,
			);
			sourceTree = "<group>";
		};
		B00000000000000000000002 /* Products */ = {
			isa = PBXGroup;
			children = (
				C0000000000000000000000A /* InkNotes.app */,
			);
			name = Products;
			sourceTree = "<group>";
		};
		B00000000000000000000003 /* InkNotes */ = {
			isa = PBXGroup;
			children = (
				B00000000000000000000004 /* App */,
				B00000000000000000000005 /* Models */,
				B00000000000000000000006 /* Persistence */,
				B10000000000000000000001 /* Networking */,
				B00000000000000000000007 /* Stores */,
				B00000000000000000000008 /* Views */,
				C00000000000000000000009 /* Assets.xcassets */,
				C0000000000000000000000B /* Info.plist */,
			);
			path = InkNotes;
			sourceTree = "<group>";
		};
		B00000000000000000000004 /* App */ = {
			isa = PBXGroup;
			children = (
				C00000000000000000000001 /* InkNotesApp.swift */,
			);
			path = App;
			sourceTree = "<group>";
		};
		B00000000000000000000005 /* Models */ = {
			isa = PBXGroup;
			children = (
				C0000000000000000000000C /* BackupArchive.swift */,
				C40000000000000000000001 /* BaiduNetdiskAccount.swift */,
				C10000000000000000000001 /* BaiduNetdiskBackup.swift */,
				C00000000000000000000002 /* LibraryDocument.swift */,
			);
			path = Models;
			sourceTree = "<group>";
		};
		B00000000000000000000006 /* Persistence */ = {
			isa = PBXGroup;
			children = (
				C0000000000000000000000D /* BackupArchiveCodec.swift */,
				C0000000000000000000000E /* BackupSnapshotRepository.swift */,
				C20000000000000000000001 /* BaiduUploadReconciliationRepository.swift */,
				C00000000000000000000003 /* DrawingRepository.swift */,
				C30000000000000000000001 /* DurableFileWriter.swift */,
			);
			path = Persistence;
			sourceTree = "<group>";
		};
		B00000000000000000000007 /* Stores */ = {
			isa = PBXGroup;
			children = (
				C00000000000000000000004 /* LibraryStore.swift */,
			);
			path = Stores;
			sourceTree = "<group>";
		};
		B00000000000000000000008 /* Views */ = {
			isa = PBXGroup;
			children = (
				C0000000000000000000000F /* BackupTransferView.swift */,
				C00000000000000000000005 /* LibrarySplitView.swift */,
				C00000000000000000000006 /* PageEditorView.swift */,
				B00000000000000000000009 /* Canvas */,
			);
			path = Views;
			sourceTree = "<group>";
		};
		B00000000000000000000009 /* Canvas */ = {
			isa = PBXGroup;
			children = (
				C00000000000000000000007 /* PencilCanvas.swift */,
				C00000000000000000000008 /* PageBackgroundView.swift */,
			);
			path = Canvas;
			sourceTree = "<group>";
		};
		B10000000000000000000001 /* Networking */ = {
			isa = PBXGroup;
			children = (
				C10000000000000000000004 /* BaiduBackupUploadCoordinator.swift */,
				C10000000000000000000002 /* BaiduHTTPTransport.swift */,
				C40000000000000000000002 /* BaiduNetdiskAccountResolver.swift */,
				C10000000000000000000003 /* BaiduNetdiskBackupUploader.swift */,
			);
			path = Networking;
			sourceTree = "<group>";
		};
/* End PBXGroup section */

/* Begin PBXNativeTarget section */
		A00000000000000000000002 /* InkNotes */ = {
			isa = PBXNativeTarget;
			buildConfigurationList = E00000000000000000000006 /* Build configuration list for PBXNativeTarget "InkNotes" */;
			buildPhases = (
				A00000000000000000000004 /* Sources */,
				A00000000000000000000006 /* Frameworks */,
				A00000000000000000000005 /* Resources */,
			);
			buildRules = (
			);
			dependencies = (
			);
			name = InkNotes;
			productName = InkNotes;
			productReference = C0000000000000000000000A /* InkNotes.app */;
			productType = "com.apple.product-type.application";
		};
/* End PBXNativeTarget section */

/* Begin PBXProject section */
		A00000000000000000000001 /* Project object */ = {
			isa = PBXProject;
			attributes = {
				BuildIndependentTargetsInParallel = 1;
				LastSwiftUpdateCheck = 2700;
				LastUpgradeCheck = 2700;
				TargetAttributes = {
					A00000000000000000000002 = {
						CreatedOnToolsVersion = 27.0;
					};
				};
			};
			buildConfigurationList = E00000000000000000000005 /* Build configuration list for PBXProject "InkNotes" */;
			compatibilityVersion = "Xcode 15.0";
			developmentRegion = zh_Hans;
			hasScannedForEncodings = 0;
			knownRegions = (
				en,
				Base,
				zh_Hans,
			);
			mainGroup = B00000000000000000000001;
			productRefGroup = B00000000000000000000002 /* Products */;
			projectDirPath = "";
			projectRoot = "";
			targets = (
				A00000000000000000000002 /* InkNotes */,
			);
		};
/* End PBXProject section */

/* Begin PBXResourcesBuildPhase section */
		A00000000000000000000005 /* Resources */ = {
			isa = PBXResourcesBuildPhase;
			buildActionMask = 2147483647;
			files = (
				D00000000000000000000009 /* Assets.xcassets in Resources */,
			);
			runOnlyForDeploymentPostprocessing = 0;
		};
/* End PBXResourcesBuildPhase section */

/* Begin PBXSourcesBuildPhase section */
		A00000000000000000000004 /* Sources */ = {
			isa = PBXSourcesBuildPhase;
			buildActionMask = 2147483647;
			files = (
				D00000000000000000000001 /* InkNotesApp.swift in Sources */,
				D0000000000000000000000A /* BackupArchive.swift in Sources */,
				D40000000000000000000001 /* BaiduNetdiskAccount.swift in Sources */,
				D10000000000000000000001 /* BaiduNetdiskBackup.swift in Sources */,
				D00000000000000000000002 /* LibraryDocument.swift in Sources */,
				D10000000000000000000002 /* BaiduHTTPTransport.swift in Sources */,
				D40000000000000000000002 /* BaiduNetdiskAccountResolver.swift in Sources */,
				D10000000000000000000004 /* BaiduBackupUploadCoordinator.swift in Sources */,
				D10000000000000000000003 /* BaiduNetdiskBackupUploader.swift in Sources */,
				D0000000000000000000000B /* BackupArchiveCodec.swift in Sources */,
				D0000000000000000000000C /* BackupSnapshotRepository.swift in Sources */,
				D20000000000000000000001 /* BaiduUploadReconciliationRepository.swift in Sources */,
				D00000000000000000000003 /* DrawingRepository.swift in Sources */,
				D30000000000000000000001 /* DurableFileWriter.swift in Sources */,
				D00000000000000000000004 /* LibraryStore.swift in Sources */,
				D0000000000000000000000D /* BackupTransferView.swift in Sources */,
				D00000000000000000000005 /* LibrarySplitView.swift in Sources */,
				D00000000000000000000006 /* PageEditorView.swift in Sources */,
				D00000000000000000000007 /* PencilCanvas.swift in Sources */,
				D00000000000000000000008 /* PageBackgroundView.swift in Sources */,
			);
			runOnlyForDeploymentPostprocessing = 0;
		};
/* End PBXSourcesBuildPhase section */

/* Begin XCBuildConfiguration section */
		E00000000000000000000001 /* Debug */ = {
			isa = XCBuildConfiguration;
			buildSettings = {
				ALWAYS_SEARCH_USER_PATHS = NO;
				CLANG_ANALYZER_NONNULL = YES;
				CLANG_CXX_LANGUAGE_STANDARD = "gnu++20";
				CLANG_ENABLE_MODULES = YES;
				CLANG_ENABLE_OBJC_ARC = YES;
				CLANG_WARN_BOOL_CONVERSION = YES;
				CLANG_WARN_COMMA = YES;
				CLANG_WARN_CONSTANT_CONVERSION = YES;
				CLANG_WARN_DEPRECATED_OBJC_IMPLEMENTATIONS = YES;
				CLANG_WARN_DIRECT_OBJC_ISA_USAGE = YES_ERROR;
				CLANG_WARN_DOCUMENTATION_COMMENTS = YES;
				CLANG_WARN_EMPTY_BODY = YES;
				CLANG_WARN_ENUM_CONVERSION = YES;
				CLANG_WARN_INFINITE_RECURSION = YES;
				CLANG_WARN_INT_CONVERSION = YES;
				CLANG_WARN_NON_LITERAL_NULL_CONVERSION = YES;
				CLANG_WARN_OBJC_IMPLICIT_RETAIN_SELF = YES;
				CLANG_WARN_OBJC_LITERAL_CONVERSION = YES;
				CLANG_WARN_OBJC_ROOT_CLASS = YES_ERROR;
				CLANG_WARN_QUOTED_INCLUDE_IN_FRAMEWORK_HEADER = YES;
				CLANG_WARN_RANGE_LOOP_ANALYSIS = YES;
				CLANG_WARN_STRICT_PROTOTYPES = YES;
				CLANG_WARN_SUSPICIOUS_MOVE = YES;
				CLANG_WARN_UNGUARDED_AVAILABILITY = YES_AGGRESSIVE;
				CLANG_WARN_UNREACHABLE_CODE = YES;
				COPY_PHASE_STRIP = NO;
				DEBUG_INFORMATION_FORMAT = dwarf;
				ENABLE_STRICT_OBJC_MSGSEND = YES;
				ENABLE_TESTABILITY = YES;
				ENABLE_USER_SCRIPT_SANDBOXING = YES;
				GCC_C_LANGUAGE_STANDARD = gnu17;
				GCC_DYNAMIC_NO_PIC = NO;
				GCC_NO_COMMON_BLOCKS = YES;
				GCC_OPTIMIZATION_LEVEL = 0;
				GCC_PREPROCESSOR_DEFINITIONS = (
					"DEBUG=1",
					"$(inherited)",
				);
				GCC_WARN_64_TO_32_BIT_CONVERSION = YES;
				GCC_WARN_ABOUT_RETURN_TYPE = YES_ERROR;
				GCC_WARN_UNDECLARED_SELECTOR = YES;
				GCC_WARN_UNINITIALIZED_AUTOS = YES_AGGRESSIVE;
				GCC_WARN_UNUSED_FUNCTION = YES;
				GCC_WARN_UNUSED_VARIABLE = YES;
				IPHONEOS_DEPLOYMENT_TARGET = 17.0;
				LOCALIZATION_PREFERS_STRING_CATALOGS = YES;
				MTL_ENABLE_DEBUG_INFO = INCLUDE_SOURCE;
				MTL_FAST_MATH = YES;
				ONLY_ACTIVE_ARCH = YES;
				SDKROOT = iphoneos;
				SWIFT_ACTIVE_COMPILATION_CONDITIONS = "DEBUG $(inherited)";
				SWIFT_OPTIMIZATION_LEVEL = "-Onone";
			};
			name = Debug;
		};
		E00000000000000000000002 /* Release */ = {
			isa = XCBuildConfiguration;
			buildSettings = {
				ALWAYS_SEARCH_USER_PATHS = NO;
				CLANG_ANALYZER_NONNULL = YES;
				CLANG_CXX_LANGUAGE_STANDARD = "gnu++20";
				CLANG_ENABLE_MODULES = YES;
				CLANG_ENABLE_OBJC_ARC = YES;
				CLANG_WARN_BOOL_CONVERSION = YES;
				CLANG_WARN_COMMA = YES;
				CLANG_WARN_CONSTANT_CONVERSION = YES;
				CLANG_WARN_DEPRECATED_OBJC_IMPLEMENTATIONS = YES;
				CLANG_WARN_DIRECT_OBJC_ISA_USAGE = YES_ERROR;
				CLANG_WARN_DOCUMENTATION_COMMENTS = YES;
				CLANG_WARN_EMPTY_BODY = YES;
				CLANG_WARN_ENUM_CONVERSION = YES;
				CLANG_WARN_INFINITE_RECURSION = YES;
				CLANG_WARN_INT_CONVERSION = YES;
				CLANG_WARN_NON_LITERAL_NULL_CONVERSION = YES;
				CLANG_WARN_OBJC_IMPLICIT_RETAIN_SELF = YES;
				CLANG_WARN_OBJC_LITERAL_CONVERSION = YES;
				CLANG_WARN_OBJC_ROOT_CLASS = YES_ERROR;
				CLANG_WARN_QUOTED_INCLUDE_IN_FRAMEWORK_HEADER = YES;
				CLANG_WARN_RANGE_LOOP_ANALYSIS = YES;
				CLANG_WARN_STRICT_PROTOTYPES = YES;
				CLANG_WARN_SUSPICIOUS_MOVE = YES;
				CLANG_WARN_UNGUARDED_AVAILABILITY = YES_AGGRESSIVE;
				CLANG_WARN_UNREACHABLE_CODE = YES;
				COPY_PHASE_STRIP = NO;
				DEBUG_INFORMATION_FORMAT = "dwarf-with-dsym";
				ENABLE_NS_ASSERTIONS = NO;
				ENABLE_STRICT_OBJC_MSGSEND = YES;
				ENABLE_USER_SCRIPT_SANDBOXING = YES;
				GCC_C_LANGUAGE_STANDARD = gnu17;
				GCC_NO_COMMON_BLOCKS = YES;
				GCC_WARN_64_TO_32_BIT_CONVERSION = YES;
				GCC_WARN_ABOUT_RETURN_TYPE = YES_ERROR;
				GCC_WARN_UNDECLARED_SELECTOR = YES;
				GCC_WARN_UNINITIALIZED_AUTOS = YES_AGGRESSIVE;
				GCC_WARN_UNUSED_FUNCTION = YES;
				GCC_WARN_UNUSED_VARIABLE = YES;
				IPHONEOS_DEPLOYMENT_TARGET = 17.0;
				LOCALIZATION_PREFERS_STRING_CATALOGS = YES;
				MTL_ENABLE_DEBUG_INFO = NO;
				MTL_FAST_MATH = YES;
				SDKROOT = iphoneos;
				SWIFT_COMPILATION_MODE = wholemodule;
				VALIDATE_PRODUCT = YES;
			};
			name = Release;
		};
		E00000000000000000000003 /* Debug */ = {
			isa = XCBuildConfiguration;
			buildSettings = {
				ASSETCATALOG_COMPILER_GLOBAL_ACCENT_COLOR_NAME = AccentColor;
				CODE_SIGN_STYLE = Automatic;
				CURRENT_PROJECT_VERSION = 3;
				DEVELOPMENT_TEAM = "";
				ENABLE_PREVIEWS = YES;
				GENERATE_INFOPLIST_FILE = NO;
				INFOPLIST_FILE = InkNotes/Info.plist;
				LD_RUNPATH_SEARCH_PATHS = (
					"$(inherited)",
					"@executable_path/Frameworks",
				);
				MARKETING_VERSION = 0.2.0;
				PRODUCT_BUNDLE_IDENTIFIER = com.salomeailin.InkNotes;
				PRODUCT_NAME = "$(TARGET_NAME)";
				SUPPORTED_PLATFORMS = "iphoneos iphonesimulator";
				SUPPORTS_MAC_DESIGNED_FOR_IPHONE_IPAD = NO;
				SUPPORTS_MACCATALYST = NO;
				SUPPORTS_XR_DESIGNED_FOR_IPHONE_IPAD = NO;
				SWIFT_EMIT_LOC_STRINGS = YES;
				SWIFT_VERSION = 6.0;
				TARGETED_DEVICE_FAMILY = 2;
			};
			name = Debug;
		};
		E00000000000000000000004 /* Release */ = {
			isa = XCBuildConfiguration;
			buildSettings = {
				ASSETCATALOG_COMPILER_GLOBAL_ACCENT_COLOR_NAME = AccentColor;
				CODE_SIGN_STYLE = Automatic;
				CURRENT_PROJECT_VERSION = 3;
				DEVELOPMENT_TEAM = "";
				ENABLE_PREVIEWS = YES;
				GENERATE_INFOPLIST_FILE = NO;
				INFOPLIST_FILE = InkNotes/Info.plist;
				LD_RUNPATH_SEARCH_PATHS = (
					"$(inherited)",
					"@executable_path/Frameworks",
				);
				MARKETING_VERSION = 0.2.0;
				PRODUCT_BUNDLE_IDENTIFIER = com.salomeailin.InkNotes;
				PRODUCT_NAME = "$(TARGET_NAME)";
				SUPPORTED_PLATFORMS = "iphoneos iphonesimulator";
				SUPPORTS_MAC_DESIGNED_FOR_IPHONE_IPAD = NO;
				SUPPORTS_MACCATALYST = NO;
				SUPPORTS_XR_DESIGNED_FOR_IPHONE_IPAD = NO;
				SWIFT_EMIT_LOC_STRINGS = YES;
				SWIFT_VERSION = 6.0;
				TARGETED_DEVICE_FAMILY = 2;
			};
			name = Release;
		};
/* End XCBuildConfiguration section */

/* Begin XCConfigurationList section */
		E00000000000000000000005 /* Build configuration list for PBXProject "InkNotes" */ = {
			isa = XCConfigurationList;
			buildConfigurations = (
				E00000000000000000000001 /* Debug */,
				E00000000000000000000002 /* Release */,
			);
			defaultConfigurationIsVisible = 0;
			defaultConfigurationName = Release;
		};
		E00000000000000000000006 /* Build configuration list for PBXNativeTarget "InkNotes" */ = {
			isa = XCConfigurationList;
			buildConfigurations = (
				E00000000000000000000003 /* Debug */,
				E00000000000000000000004 /* Release */,
			);
			defaultConfigurationIsVisible = 0;
			defaultConfigurationName = Release;
		};
/* End XCConfigurationList section */
	};
	rootObject = A00000000000000000000001 /* Project object */;
}
